# @generated - this file is auto-generated by `mise lock` https://mise.jdx.dev/dev-tools/mise-lock.html

[[tools."aqua:supabase/cli"]]
version = "2.78.1"
backend = "aqua:supabase/cli"

[tools."aqua:supabase/cli"."platforms.linux-arm64"]
checksum = "sha256:b3d941c1aefbe469db17af1a12373c8a9176e24b9f9499bd509477e5be598501"
url = "https://github.com/supabase/cli/releases/download/v2.78.1/supabase_linux_arm64.tar.gz"

[tools."aqua:supabase/cli"."platforms.linux-arm64-musl"]
checksum = "sha256:b3d941c1aefbe469db17af1a12373c8a9176e24b9f9499bd509477e5be598501"
url = "https://github.com/supabase/cli/releases/download/v2.78.1/supabase_linux_arm64.tar.gz"

[tools."aqua:supabase/cli"."platforms.linux-x64"]
checksum = "sha256:fda98768f8c1d55f2fc7a5951435de8de7fd90568c84c8026612968dbe0e5117"
url = "https://github.com/supabase/cli/releases/download/v2.78.1/supabase_linux_amd64.tar.gz"

[tools."aqua:supabase/cli"."platforms.linux-x64-musl"]
checksum = "sha256:fda98768f8c1d55f2fc7a5951435de8de7fd90568c84c8026612968dbe0e5117"
url = "https://github.com/supabase/cli/releases/download/v2.78.1/supabase_linux_amd64.tar.gz"

[tools."aqua:supabase/cli"."platforms.macos-arm64"]
checksum = "sha256:0fc3414e10e012be5f8e379a077fc4b29a0c41b3ff533f3ea85638c9113616e3"
url = "https://github.com/supabase/cli/releases/download/v2.78.1/supabase_darwin_arm64.tar.gz"

[tools."aqua:supabase/cli"."platforms.macos-x64"]
checksum = "sha256:a699f114cdffc7827964e1fca171655c037db39ff923e4b27706fcbef2ed15f5"
url = "https://github.com/supabase/cli/releases/download/v2.78.1/supabase_darwin_amd64.tar.gz"

[tools."aqua:supabase/cli"."platforms.windows-x64"]
checksum = "sha256:37019238428370db923341b0ae108a227e4c1b5f6dbea30e2687059a64cd7630"
url = "https://github.com/supabase/cli/releases/download/v2.78.1/supabase_windows_amd64.tar.gz"

[[tools.deno]]
version = "2.1.4"
backend = "core:deno"

[tools.deno."platforms.linux-arm64"]
checksum = "sha256:93ad8efe6f60da8566652dfd39cf2a23cb0e35d8c6d6faac7392a917d2b50039"
url = "https://dl.deno.land/release/v2.1.4/deno-aarch64-unknown-linux-gnu.zip"

[tools.deno."platforms.linux-arm64-musl"]
checksum = "sha256:93ad8efe6f60da8566652dfd39cf2a23cb0e35d8c6d6faac7392a917d2b50039"
url = "https://dl.deno.land/release/v2.1.4/deno-aarch64-unknown-linux-gnu.zip"

[tools.deno."platforms.linux-x64"]
checksum = "sha256:54a81939cccb2af114c4d0a68a554cf4a04b1f08728e70f663f83781de19d785"
url = "https://dl.deno.land/release/v2.1.4/deno-x86_64-unknown-linux-gnu.zip"

[tools.deno."platforms.linux-x64-musl"]
checksum = "sha256:54a81939cccb2af114c4d0a68a554cf4a04b1f08728e70f663f83781de19d785"
url = "https://dl.deno.land/release/v2.1.4/deno-x86_64-unknown-linux-gnu.zip"

[tools.deno."platforms.macos-arm64"]
checksum = "sha256:65efe137ee28846427ae7b6c5135439744065ad59ccb3c8cd19e69af066e2db0"
url = "https://dl.deno.land/release/v2.1.4/deno-aarch64-apple-darwin.zip"

[tools.deno."platforms.macos-x64"]
checksum = "sha256:fe537f538790a3edf141e4a1abc6d3e5f714b20f6427bd48808d98a9a94000f5"
url = "https://dl.deno.land/release/v2.1.4/deno-x86_64-apple-darwin.zip"

[tools.deno."platforms.windows-x64"]
checksum = "sha256:Algorithm"
url = "https://dl.deno.land/release/v2.1.4/deno-x86_64-pc-windows-msvc.zip"

[[tools."pipx:pebble-tool"]]
version = "5.0.28"
backend = "pipx:pebble-tool"
