{
  "version": "4",
  "specifiers": {
    "npm:@supabase/supabase-js@2": "2.99.1",
    "npm:zod@4": "4.3.6"
  },
  "npm": {
    "@supabase/auth-js@2.99.1": {
      "integrity": "sha512-x7lKKTvKjABJt/FYcRSPiTT01Xhm2FF8RhfL8+RHMkmlwmRQ88/lREupIHKwFPW0W6pTCJqkZb7Yhpw/EZ+fNw==",
      "dependencies": [
        "tslib"
      ]
    },
    "@supabase/functions-js@2.99.1": {
      "integrity": "sha512-WQE62W5geYImCO4jzFxCk/avnK7JmOdtqu2eiPz3zOaNiIJajNRSAwMMDgEGd2EMs+sUVYj1LfBjfmW3EzHgIA==",
      "dependencies": [
        "tslib"
      ]
    },
    "@supabase/postgrest-js@2.99.1": {
      "integrity": "sha512-gtw2ibJrADvfqrpUWXGNlrYUvxttF4WVWfPpTFKOb2IRj7B6YRWMDgcrYqIuD4ZEabK4m6YKQCCGy6clgf1lPA==",
      "dependencies": [
        "tslib"
      ]
    },
    "@supabase/realtime-js@2.99.1": {
      "integrity": "sha512-9EDdy/5wOseGFqxW88ShV9JMRhm7f+9JGY5x+LqT8c7R0X1CTLwg5qie8FiBWcXTZ+68yYxVWunI+7W4FhkWOg==",
      "dependencies": [
        "@types/phoenix",
        "@types/ws",
        "tslib",
        "ws"
      ]
    },
    "@supabase/storage-js@2.99.1": {
      "integrity": "sha512-mf7zPfqofI62SOoyQJeNUVxe72E4rQsbWim6lTDPeLu3lHija/cP5utlQADGrjeTgOUN6znx/rWn7SjrETP1dw==",
      "dependencies": [
        "iceberg-js",
        "tslib"
      ]
    },
    "@supabase/supabase-js@2.99.1": {
      "integrity": "sha512-5MRoYD9ffXq8F6a036dm65YoSHisC3by/d22mauKE99Vrwf792KxYIIr/iqCX7E4hkuugbPZ5EGYHTB7MKy6Vg==",
      "dependencies": [
        "@supabase/auth-js",
        "@supabase/functions-js",
        "@supabase/postgrest-js",
        "@supabase/realtime-js",
        "@supabase/storage-js"
      ]
    },
    "@types/node@22.5.4": {
      "integrity": "sha512-FDuKUJQm/ju9fT/SeX/6+gBzoPzlVCzfzmGkwKvRHQVxi4BntVbyIwf6a4Xn62mrvndLiml6z/UBXIdEVjQLXg==",
      "dependencies": [
        "undici-types"
      ]
    },
    "@types/phoenix@1.6.7": {
      "integrity": "sha512-oN9ive//QSBkf19rfDv45M7eZPi0eEXylht2OLEXicu5b4KoQ1OzXIw+xDSGWxSxe1JmepRR/ZH283vsu518/Q=="
    },
    "@types/ws@8.18.1": {
      "integrity": "sha512-ThVF6DCVhA8kUGy+aazFQ4kXQ7E1Ty7A3ypFOe0IcJV8O/M511G99AW24irKrW56Wt44yG9+ij8FaqoBGkuBXg==",
      "dependencies": [
        "@types/node"
      ]
    },
    "iceberg-js@0.8.1": {
      "integrity": "sha512-1dhVQZXhcHje7798IVM+xoo/1ZdVfzOMIc8/rgVSijRK38EDqOJoGula9N/8ZI5RD8QTxNQtK/Gozpr+qUqRRA=="
    },
    "tslib@2.8.1": {
      "integrity": "sha512-oJFu94HQb+KVduSUQL7wnpmqnfmLsOA/nAh6b6EH0wCEoK0/mPeXU6c3wKDV83MkOuHPRHtSXKKU99IBazS/2w=="
    },
    "undici-types@6.19.8": {
      "integrity": "sha512-ve2KP6f/JnbPBFyobGHuerC9g1FYGn/F8n1LWTwNxCEzd6IfqTwUQcNXgEtmmQ6DlRrC1hrSrBnCZPokRrDHjw=="
    },
    "ws@8.19.0": {
      "integrity": "sha512-blAT2mjOEIi0ZzruJfIhb3nps74PRWTCz1IjglWEEpQl5XS/UNama6u2/rjFkDDouqr4L67ry+1aGIALViWjDg=="
    },
    "zod@4.3.6": {
      "integrity": "sha512-rftlrkhHZOcjDwkGlnUtZZkvaPHCsDATp4pGpuOOMDaTdDDXF91wuVDJoWoPsKX/3YPQ5fHuF3STjcYyKr+Qhg=="
    }
  },
  "workspace": {
    "dependencies": [
      "jsr:@supabase/functions-js@2",
      "npm:@supabase/supabase-js@2",
      "npm:zod@4"
    ]
  }
}
